
Microsoft Visual Studio Solution File, Format Version 12.00
# Visual Studio Version 17
VisualStudioVersion = 17.0.31919.166
MinimumVisualStudioVersion = 10.0.40219.1
Project("{FAE04EC0-301F-11D3-BF4B-00C04F79EFBC}") = "RubixCube.Core", "RubixCube\RubixCube.Core.csproj", "{2BAA5491-A677-49DF-A037-6BF9D99B70F6}"
EndProject
Project("{FAE04EC0-301F-11D3-BF4B-00C04F79EFBC}") = "RubixXube.Tests", "RubixXube.Tests\RubixXube.Tests.csproj", "{55DE851C-1626-4063-B0ED-DE5603C20EAE}"
EndProject
Global
	GlobalSection(SolutionConfigurationPlatforms) = preSolution
		Debug|Any CPU = Debug|Any CPU
		Release|Any CPU = Release|Any CPU
	EndGlobalSection
	GlobalSection(ProjectConfigurationPlatforms) = postSolution
		{2BAA5491-A677-49DF-A037-6BF9D99B70F6}.Debug|Any CPU.ActiveCfg = Debug|Any CPU
		{2BAA5491-A677-49DF-A037-6BF9D99B70F6}.Debug|Any CPU.Build.0 = Debug|Any CPU
		{2BAA5491-A677-49DF-A037-6BF9D99B70F6}.Release|Any CPU.ActiveCfg = Release|Any CPU
		{2BAA5491-A677-49DF-A037-6BF9D99B70F6}.Release|Any CPU.Build.0 = Release|Any CPU
		{55DE851C-1626-4063-B0ED-DE5603C20EAE}.Debug|Any CPU.ActiveCfg = Debug|Any CPU
		{55DE851C-1626-4063-B0ED-DE5603C20EAE}.Debug|Any CPU.Build.0 = Debug|Any CPU
		{55DE851C-1626-4063-B0ED-DE5603C20EAE}.Release|Any CPU.ActiveCfg = Release|Any CPU
		{55DE851C-1626-4063-B0ED-DE5603C20EAE}.Release|Any CPU.Build.0 = Release|Any CPU
	EndGlobalSection
	GlobalSection(SolutionProperties) = preSolution
		HideSolutionNode = FALSE
	EndGlobalSection
	GlobalSection(ExtensibilityGlobals) = postSolution
		SolutionGuid = {FDDACE9A-17FA-4E73-9724-F2444ADBAE1D}
	EndGlobalSection
EndGlobal
